// !$*UTF8*$!
{
	archiveVersion = 1;
	classes = {
	};
	objectVersion = 50;
	objects = {

/* Begin PBXBuildFile section */
		A5198DE026C28E3300CE43AD /* AddBookView.swift in Sources */ = {isa = PBXBuildFile; fileRef = A5198DDF26C28E3300CE43AD /* AddBookView.swift */; };
		A5198DE226C291D600CE43AD /* RatingView.swift in Sources */ = {isa = PBXBuildFile; fileRef = A5198DE126C291D600CE43AD /* RatingView.swift */; };
		A5198DE426C294DC00CE43AD /* EmodjiRatingView.swift in Sources */ = {isa = PBXBuildFile; fileRef = A5198DE326C294DC00CE43AD /* EmodjiRatingView.swift */; };
		A5198DE626C2977200CE43AD /* DetailView.swift in Sources */ = {isa = PBXBuildFile; fileRef = A5198DE526C2977200CE43AD /* DetailView.swift */; };
		A5E6206F26BC156700B5ABED /* AppDelegate.swift in Sources */ = {isa = PBXBuildFile; fileRef = A5E6206E26BC156700B5ABED /* AppDelegate.swift */; };
		A5E6207126BC156700B5ABED /* SceneDelegate.swift in Sources */ = {isa = PBXBuildFile; fileRef = A5E6207026BC156700B5ABED /* SceneDelegate.swift */; };
		A5E6207326BC156700B5ABED /* ContentView.swift in Sources */ = {isa = PBXBuildFile; fileRef = A5E6207226BC156700B5ABED /* ContentView.swift */; };
		A5E6207626BC156700B5ABED /* BookwormApp.xcdatamodeld in Sources */ = {isa = PBXBuildFile; fileRef = A5E6207426BC156700B5ABED /* BookwormApp.xcdatamodeld */; };
		A5E6207826BC156F00B5ABED /* Assets.xcassets in Resources */ = {isa = PBXBuildFile; fileRef = A5E6207726BC156F00B5ABED /* Assets.xcassets */; };
		A5E6207B26BC156F00B5ABED /* Preview Assets.xcassets in Resources */ = {isa = PBXBuildFile; fileRef = A5E6207A26BC156F00B5ABED /* Preview Assets.xcassets */; };
		A5E6207E26BC156F00B5ABED /* LaunchScreen.storyboard in Resources */ = {isa = PBXBuildFile; fileRef = A5E6207C26BC156F00B5ABED /* LaunchScreen.storyboard */; };
/* End PBXBuildFile section */

/* Begin PBXFileReference section */
		A5198DDF26C28E3300CE43AD /* AddBookView.swift */ = {isa = PBXFileReference; lastKnownFileType = sourcecode.swift; path = AddBookView.swift; sourceTree = "<group>"; };
		A5198DE126C291D600CE43AD /* RatingView.swift */ = {isa = PBXFileReference; lastKnownFileType = sourcecode.swift; path = RatingView.swift; sourceTree = "<group>"; };
		A5198DE326C294DC00CE43AD /* EmodjiRatingView.swift */ = {isa = PBXFileReference; lastKnownFileType = sourcecode.swift; path = EmodjiRatingView.swift; sourceTree = "<group>"; };
		A5198DE526C2977200CE43AD /* DetailView.swift */ = {isa = PBXFileReference; lastKnownFileType = sourcecode.swift; path = DetailView.swift; sourceTree = "<group>"; };
		A5E6206B26BC156700B5ABED /* BookwormApp.app */ = {isa = PBXFileReference; explicitFileType = wrapper.application; includeInIndex = 0; path = BookwormApp.app; sourceTree = BUILT_PRODUCTS_DIR; };
		A5E6206E26BC156700B5ABED /* AppDelegate.swift */ = {isa = PBXFileReference; lastKnownFileType = sourcecode.swift; path = AppDelegate.swift; sourceTree = "<group>"; };
		A5E6207026BC156700B5ABED /* SceneDelegate.swift */ = {isa = PBXFileReference; lastKnownFileType = sourcecode.swift; path = SceneDelegate.swift; sourceTree = "<group>"; };
		A5E6207226BC156700B5ABED /* ContentView.swift */ = {isa = PBXFileReference; lastKnownFileType = sourcecode.swift; path = ContentView.swift; sourceTree = "<group>"; };
		A5E6207526BC156700B5ABED /* BookwormApp.xcdatamodel */ = {isa = PBXFileReference; lastKnownFileType = wrapper.xcdatamodel; path = BookwormApp.xcdatamodel; sourceTree = "<group>"; };
		A5E6207726BC156F00B5ABED /* Assets.xcassets */ = {isa = PBXFileReference; lastKnownFileType = folder.assetcatalog; path = Assets.xcassets; sourceTree = "<group>"; };
		A5E6207A26BC156F00B5ABED /* Preview Assets.xcassets */ = {isa = PBXFileReference; lastKnownFileType = folder.assetcatalog; path = "Preview Assets.xcassets"; sourceTree = "<group>"; };
		A5E6207D26BC156F00B5ABED /* Base */ = {isa = PBXFileReference; lastKnownFileType = file.storyboard; name = Base; path = Base.lproj/LaunchScreen.storyboard; sourceTree = "<group>"; };
		A5E6207F26BC156F00B5ABED /* Info.plist */ = {isa = PBXFileReference; lastKnownFileType = text.plist.xml; path = Info.plist; sourceTree = "<group>"; };
/* End PBXFileReference section */

/* Begin PBXFrameworksBuildPhase section */
		A5E6206826BC156700B5ABED /* Frameworks */ = {
			isa = PBXFrameworksBuildPhase;
			buildActionMask = 2147483647;
			files = (
			);
			runOnlyForDeploymentPostprocessing = 0;
		};
/* End PBXFrameworksBuildPhase section */

/* Begin PBXGroup section */
		A5E6206226BC156700B5ABED = {
			isa = PBXGroup;
			children = (
				A5E6206D26BC156700B5ABED /* BookwormApp */,
				A5E6206C26BC156700B5ABED /* Products */,
			);
			sourceTree = "<group>";
		};
		A5E6206C26BC156700B5ABED /* Products */ = {
			isa = PBXGroup;
			children = (
				A5E6206B26BC156700B5ABED /* BookwormApp.app */,
			);
			name = Products;
			sourceTree = "<group>";
		};
		A5E6206D26BC156700B5ABED /* BookwormApp */ = {
			isa = PBXGroup;
			children = (
				A5E6206E26BC156700B5ABED /* AppDelegate.swift */,
				A5E6207026BC156700B5ABED /* SceneDelegate.swift */,
				A5E6207226BC156700B5ABED /* ContentView.swift */,
				A5198DE526C2977200CE43AD /* DetailView.swift */,
				A5198DDF26C28E3300CE43AD /* AddBookView.swift */,
				A5198DE326C294DC00CE43AD /* EmodjiRatingView.swift */,
				A5198DE126C291D600CE43AD /* RatingView.swift */,
				A5E6207726BC156F00B5ABED /* Assets.xcassets */,
				A5E6207C26BC156F00B5ABED /* LaunchScreen.storyboard */,
				A5E6207F26BC156F00B5ABED /* Info.plist */,
				A5E6207426BC156700B5ABED /* BookwormApp.xcdatamodeld */,
				A5E6207926BC156F00B5ABED /* Preview Content */,
			);
			path = BookwormApp;
			sourceTree = "<group>";
		};
		A5E6207926BC156F00B5ABED /* Preview Content */ = {
			isa = PBXGroup;
			children = (
				A5E6207A26BC156F00B5ABED /* Preview Assets.xcassets */,
			);
			path = "Preview Content";
			sourceTree = "<group>";
		};
/* End PBXGroup section */

/* Begin PBXNativeTarget section */
		A5E6206A26BC156700B5ABED /* BookwormApp */ = {
			isa = PBXNativeTarget;
			buildConfigurationList = A5E6208226BC156F00B5ABED /* Build configuration list for PBXNativeTarget "BookwormApp" */;
			buildPhases = (
				A5E6206726BC156700B5ABED /* Sources */,
				A5E6206826BC156700B5ABED /* Frameworks */,
				A5E6206926BC156700B5ABED /* Resources */,
			);
			buildRules = (
			);
			dependencies = (
			);
			name = BookwormApp;
			productName = BookwormApp;
			productReference = A5E6206B26BC156700B5ABED /* BookwormApp.app */;
			productType = "com.apple.product-type.application";
		};
/* End PBXNativeTarget section */

/* Begin PBXProject section */
		A5E6206326BC156700B5ABED /* Project object */ = {
			isa = PBXProject;
			attributes = {
				LastSwiftUpdateCheck = 1250;
				LastUpgradeCheck = 1250;
				TargetAttributes = {
					A5E6206A26BC156700B5ABED = {
						CreatedOnToolsVersion = 12.5.1;
					};
				};
			};
			buildConfigurationList = A5E6206626BC156700B5ABED /* Build configuration list for PBXProject "BookwormApp" */;
			compatibilityVersion = "Xcode 9.3";
			developmentRegion = en;
			hasScannedForEncodings = 0;
			knownRegions = (
				en,
				Base,
			);
			mainGroup = A5E6206226BC156700B5ABED;
			productRefGroup = A5E6206C26BC156700B5ABED /* Products */;
			projectDirPath = "";
			projectRoot = "";
			targets = (
				A5E6206A26BC156700B5ABED /* BookwormApp */,
			);
		};
/* End PBXProject section */

/* Begin PBXResourcesBuildPhase section */
		A5E6206926BC156700B5ABED /* Resources */ = {
			isa = PBXResourcesBuildPhase;
			buildActionMask = 2147483647;
			files = (
				A5E6207E26BC156F00B5ABED /* LaunchScreen.storyboard in Resources */,
				A5E6207B26BC156F00B5ABED /* Preview Assets.xcassets in Resources */,
				A5E6207826BC156F00B5ABED /* Assets.xcassets in Resources */,
			);
			runOnlyForDeploymentPostprocessing = 0;
		};
/* End PBXResourcesBuildPhase section */

/* Begin PBXSourcesBuildPhase section */
		A5E6206726BC156700B5ABED /* Sources */ = {
			isa = PBXSourcesBuildPhase;
			buildActionMask = 2147483647;
			files = (
				A5E6206F26BC156700B5ABED /* AppDelegate.swift in Sources */,
				A5198DE626C2977200CE43AD /* DetailView.swift in Sources */,
				A5E6207626BC156700B5ABED /* BookwormApp.xcdatamodeld in Sources */,
				A5E6207126BC156700B5ABED /* SceneDelegate.swift in Sources */,
				A5198DE226C291D600CE43AD /* RatingView.swift in Sources */,
				A5E6207326BC156700B5ABED /* ContentView.swift in Sources */,
				A5198DE426C294DC00CE43AD /* EmodjiRatingView.swift in Sources */,
				A5198DE026C28E3300CE43AD /* AddBookView.swift in Sources */,
			);
			runOnlyForDeploymentPostprocessing = 0;
		};
/* End PBXSourcesBuildPhase section */

/* Begin PBXVariantGroup section */
		A5E6207C26BC156F00B5ABED /* LaunchScreen.storyboard */ = {
			isa = PBXVariantGroup;
			children = (
				A5E6207D26BC156F00B5ABED /* Base */,
			);
			name = LaunchScreen.storyboard;
			sourceTree = "<group>";
		};
/* End PBXVariantGroup section */

/* Begin XCBuildConfiguration section */
		A5E6208026BC156F00B5ABED /* Debug */ = {
			isa = XCBuildConfiguration;
			buildSettings = {
				ALWAYS_SEARCH_USER_PATHS = NO;
				CLANG_ANALYZER_NONNULL = YES;
				CLANG_ANALYZER_NUMBER_OBJECT_CONVERSION = YES_AGGRESSIVE;
				CLANG_CXX_LANGUAGE_STANDARD = "gnu++14";
				CLANG_CXX_LIBRARY = "libc++";
				CLANG_ENABLE_MODULES = YES;
				CLANG_ENABLE_OBJC_ARC = YES;
				CLANG_ENABLE_OBJC_WEAK = YES;
				CLANG_WARN_BLOCK_CAPTURE_AUTORELEASING = YES;
				CLANG_WARN_BOOL_CONVERSION = YES;
				CLANG_WARN_COMMA = YES;
				CLANG_WARN_CONSTANT_CONVERSION = YES;
				CLANG_WARN_DEPRECATED_OBJC_IMPLEMENTATIONS = YES;
				CLANG_WARN_DIRECT_OBJC_ISA_USAGE = YES_ERROR;
				CLANG_WARN_DOCUMENTATION_COMMENTS = YES;
				CLANG_WARN_EMPTY_BODY = YES;
				CLANG_WARN_ENUM_CONVERSION = YES;
				CLANG_WARN_INFINITE_RECURSION = YES;
				CLANG_WARN_INT_CONVERSION = YES;
				CLANG_WARN_NON_LITERAL_NULL_CONVERSION = YES;
				CLANG_WARN_OBJC_IMPLICIT_RETAIN_SELF = YES;
				CLANG_WARN_OBJC_LITERAL_CONVERSION = YES;
				CLANG_WARN_OBJC_ROOT_CLASS = YES_ERROR;
				CLANG_WARN_QUOTED_INCLUDE_IN_FRAMEWORK_HEADER = YES;
				CLANG_WARN_RANGE_LOOP_ANALYSIS = YES;
				CLANG_WARN_STRICT_PROTOTYPES = YES;
				CLANG_WARN_SUSPICIOUS_MOVE = YES;
				CLANG_WARN_UNGUARDED_AVAILABILITY = YES_AGGRESSIVE;
				CLANG_WARN_UNREACHABLE_CODE = YES;
				CLANG_WARN__DUPLICATE_METHOD_MATCH = YES;
				COPY_PHASE_STRIP = NO;
				DEBUG_INFORMATION_FORMAT = dwarf;
				ENABLE_STRICT_OBJC_MSGSEND = YES;
				ENABLE_TESTABILITY = YES;
				GCC_C_LANGUAGE_STANDARD = gnu11;
				GCC_DYNAMIC_NO_PIC = NO;
				GCC_NO_COMMON_BLOCKS = YES;
				GCC_OPTIMIZATION_LEVEL = 0;
				GCC_PREPROCESSOR_DEFINITIONS = (
					"DEBUG=1",
					"$(inherited)",
				);
				GCC_WARN_64_TO_32_BIT_CONVERSION = YES;
				GCC_WARN_ABOUT_RETURN_TYPE = YES_ERROR;
				GCC_WARN_UNDECLARED_SELECTOR = YES;
				GCC_WARN_UNINITIALIZED_AUTOS = YES_AGGRESSIVE;
				GCC_WARN_UNUSED_FUNCTION = YES;
				GCC_WARN_UNUSED_VARIABLE = YES;
				IPHONEOS_DEPLOYMENT_TARGET = 14.5;
				MTL_ENABLE_DEBUG_INFO = INCLUDE_SOURCE;
				MTL_FAST_MATH = YES;
				ONLY_ACTIVE_ARCH = YES;
				SDKROOT = iphoneos;
				SWIFT_ACTIVE_COMPILATION_CONDITIONS = DEBUG;
				SWIFT_OPTIMIZATION_LEVEL = "-Onone";
			};
			name = Debug;
		};
		A5E6208126BC156F00B5ABED /* Release */ = {
			isa = XCBuildConfiguration;
			buildSettings = {
				ALWAYS_SEARCH_USER_PATHS = NO;
				CLANG_ANALYZER_NONNULL = YES;
				CLANG_ANALYZER_NUMBER_OBJECT_CONVERSION = YES_AGGRESSIVE;
				CLANG_CXX_LANGUAGE_STANDARD = "gnu++14";
				CLANG_CXX_LIBRARY = "libc++";
				CLANG_ENABLE_MODULES = YES;
				CLANG_ENABLE_OBJC_ARC = YES;
				CLANG_ENABLE_OBJC_WEAK = YES;
				CLANG_WARN_BLOCK_CAPTURE_AUTORELEASING = YES;
				CLANG_WARN_BOOL_CONVERSION = YES;
				CLANG_WARN_COMMA = YES;
				CLANG_WARN_CONSTANT_CONVERSION = YES;
				CLANG_WARN_DEPRECATED_OBJC_IMPLEMENTATIONS = YES;
				CLANG_WARN_DIRECT_OBJC_ISA_USAGE = YES_ERROR;
				CLANG_WARN_DOCUMENTATION_COMMENTS = YES;
				CLANG_WARN_EMPTY_BODY = YES;
				CLANG_WARN_ENUM_CONVERSION = YES;
				CLANG_WARN_INFINITE_RECURSION = YES;
				CLANG_WARN_INT_CONVERSION = YES;
				CLANG_WARN_NON_LITERAL_NULL_CONVERSION = YES;
				CLANG_WARN_OBJC_IMPLICIT_RETAIN_SELF = YES;
				CLANG_WARN_OBJC_LITERAL_CONVERSION = YES;
				CLANG_WARN_OBJC_ROOT_CLASS = YES_ERROR;
				CLANG_WARN_QUOTED_INCLUDE_IN_FRAMEWORK_HEADER = YES;
				CLANG_WARN_RANGE_LOOP_ANALYSIS = YES;
				CLANG_WARN_STRICT_PROTOTYPES = YES;
				CLANG_WARN_SUSPICIOUS_MOVE = YES;
				CLANG_WARN_UNGUARDED_AVAILABILITY = YES_AGGRESSIVE;
				CLANG_WARN_UNREACHABLE_CODE = YES;
				CLANG_WARN__DUPLICATE_METHOD_MATCH = YES;
				COPY_PHASE_STRIP = NO;
				DEBUG_INFORMATION_FORMAT = "dwarf-with-dsym";
				ENABLE_NS_ASSERTIONS = NO;
				ENABLE_STRICT_OBJC_MSGSEND = YES;
				GCC_C_LANGUAGE_STANDARD = gnu11;
				GCC_NO_COMMON_BLOCKS = YES;
				GCC_WARN_64_TO_32_BIT_CONVERSION = YES;
				GCC_WARN_ABOUT_RETURN_TYPE = YES_ERROR;
				GCC_WARN_UNDECLARED_SELECTOR = YES;
				GCC_WARN_UNINITIALIZED_AUTOS = YES_AGGRESSIVE;
				GCC_WARN_UNUSED_FUNCTION = YES;
				GCC_WARN_UNUSED_VARIABLE = YES;
				IPHONEOS_DEPLOYMENT_TARGET = 14.5;
				MTL_ENABLE_DEBUG_INFO = NO;
				MTL_FAST_MATH = YES;
				SDKROOT = iphoneos;
				SWIFT_COMPILATION_MODE = wholemodule;
				SWIFT_OPTIMIZATION_LEVEL = "-O";
				VALIDATE_PRODUCT = YES;
			};
			name = Release;
		};
		A5E6208326BC156F00B5ABED /* Debug */ = {
			isa = XCBuildConfiguration;
			buildSettings = {
				ASSETCATALOG_COMPILER_APPICON_NAME = AppIcon;
				ASSETCATALOG_COMPILER_GLOBAL_ACCENT_COLOR_NAME = AccentColor;
				CODE_SIGN_STYLE = Automatic;
				DEVELOPMENT_ASSET_PATHS = "\"BookwormApp/Preview Content\"";
				DEVELOPMENT_TEAM = S38J3MCDE3;
				ENABLE_PREVIEWS = YES;
				INFOPLIST_FILE = BookwormApp/Info.plist;
				LD_RUNPATH_SEARCH_PATHS = (
					"$(inherited)",
					"@executable_path/Frameworks",
				);
				PRODUCT_BUNDLE_IDENTIFIER = Fourteen.BookwormApp;
				PRODUCT_NAME = "$(TARGET_NAME)";
				SWIFT_VERSION = 5.0;
				TARGETED_DEVICE_FAMILY = "1,2";
			};
			name = Debug;
		};
		A5E6208426BC156F00B5ABED /* Release */ = {
			isa = XCBuildConfiguration;
			buildSettings = {
				ASSETCATALOG_COMPILER_APPICON_NAME = AppIcon;
				ASSETCATALOG_COMPILER_GLOBAL_ACCENT_COLOR_NAME = AccentColor;
				CODE_SIGN_STYLE = Automatic;
				DEVELOPMENT_ASSET_PATHS = "\"BookwormApp/Preview Content\"";
				DEVELOPMENT_TEAM = S38J3MCDE3;
				ENABLE_PREVIEWS = YES;
				INFOPLIST_FILE = BookwormApp/Info.plist;
				LD_RUNPATH_SEARCH_PATHS = (
					"$(inherited)",
					"@executable_path/Frameworks",
				);
				PRODUCT_BUNDLE_IDENTIFIER = Fourteen.BookwormApp;
				PRODUCT_NAME = "$(TARGET_NAME)";
				SWIFT_VERSION = 5.0;
				TARGETED_DEVICE_FAMILY = "1,2";
			};
			name = Release;
		};
/* End XCBuildConfiguration section */

/* Begin XCConfigurationList section */
		A5E6206626BC156700B5ABED /* Build configuration list for PBXProject "BookwormApp" */ = {
			isa = XCConfigurationList;
			buildConfigurations = (
				A5E6208026BC156F00B5ABED /* Debug */,
				A5E6208126BC156F00B5ABED /* Release */,
			);
			defaultConfigurationIsVisible = 0;
			defaultConfigurationName = Release;
		};
		A5E6208226BC156F00B5ABED /* Build configuration list for PBXNativeTarget "BookwormApp" */ = {
			isa = XCConfigurationList;
			buildConfigurations = (
				A5E6208326BC156F00B5ABED /* Debug */,
				A5E6208426BC156F00B5ABED /* Release */,
			);
			defaultConfigurationIsVisible = 0;
			defaultConfigurationName = Release;
		};
/* End XCConfigurationList section */

/* Begin XCVersionGroup section */
		A5E6207426BC156700B5ABED /* BookwormApp.xcdatamodeld */ = {
			isa = XCVersionGroup;
			children = (
				A5E6207526BC156700B5ABED /* BookwormApp.xcdatamodel */,
			);
			currentVersion = A5E6207526BC156700B5ABED /* BookwormApp.xcdatamodel */;
			path = BookwormApp.xcdatamodeld;
			sourceTree = "<group>";
			versionGroupType = wrapper.xcdatamodel;
		};
/* End XCVersionGroup section */
	};
	rootObject = A5E6206326BC156700B5ABED /* Project object */;
}
